
Microsoft Visual Studio Solution File, Format Version 12.00
# Visual Studio Version 17
VisualStudioVersion = 17.6.33829.357
MinimumVisualStudioVersion = 10.0.40219.1
Project("{9A19103F-16F7-4668-BE54-9A1E7A4F7556}") = "HIN_WEB", "HIN_WEB\HIN_WEB.csproj", "{535F609D-6D95-466B-BA50-876E3AF29A36}"
EndProject
Global
	GlobalSection(SolutionConfigurationPlatforms) = preSolution
		Debug|Any CPU = Debug|Any CPU
		Release|Any CPU = Release|Any CPU
	EndGlobalSection
	GlobalSection(ProjectConfigurationPlatforms) = postSolution
		{535F609D-6D95-466B-BA50-876E3AF29A36}.Debug|Any CPU.ActiveCfg = Debug|Any CPU
		{535F609D-6D95-466B-BA50-876E3AF29A36}.Debug|Any CPU.Build.0 = Debug|Any CPU
		{535F609D-6D95-466B-BA50-876E3AF29A36}.Release|Any CPU.ActiveCfg = Release|Any CPU
		{535F609D-6D95-466B-BA50-876E3AF29A36}.Release|Any CPU.Build.0 = Release|Any CPU
	EndGlobalSection
	GlobalSection(SolutionProperties) = preSolution
		HideSolutionNode = FALSE
	EndGlobalSection
	GlobalSection(ExtensibilityGlobals) = postSolution
		SolutionGuid = {7EEFD06B-32A5-4A6A-867E-FC64D5CC7B5B}
	EndGlobalSection
EndGlobal
